
Microsoft Visual Studio Solution File, Format Version 12.00
# Visual Studio 15
VisualStudioVersion = 15.0.27004.2002
MinimumVisualStudioVersion = 10.0.40219.1
Project("{8BC9CEB8-8B4A-11D0-8D11-00A0C91BC942}") = "GolubovychLab1", "GolubovychLab1\GolubovychLab1.vcxproj", "{287040C0-126A-42CB-8FDD-E2C74268F0C6}"
EndProject
Global
	GlobalSection(SolutionConfigurationPlatforms) = preSolution
		Debug|x64 = Debug|x64
		Debug|x86 = Debug|x86
		Release|x64 = Release|x64
		Release|x86 = Release|x86
	EndGlobalSection
	GlobalSection(ProjectConfigurationPlatforms) = postSolution
		{287040C0-126A-42CB-8FDD-E2C74268F0C6}.Debug|x64.ActiveCfg = Debug|x64
		{287040C0-126A-42CB-8FDD-E2C74268F0C6}.Debug|x64.Build.0 = Debug|x64
		{287040C0-126A-42CB-8FDD-E2C74268F0C6}.Debug|x86.ActiveCfg = Debug|Win32
		{287040C0-126A-42CB-8FDD-E2C74268F0C6}.Debug|x86.Build.0 = Debug|Win32
		{287040C0-126A-42CB-8FDD-E2C74268F0C6}.Release|x64.ActiveCfg = Release|x64
		{287040C0-126A-42CB-8FDD-E2C74268F0C6}.Release|x64.Build.0 = Release|x64
		{287040C0-126A-42CB-8FDD-E2C74268F0C6}.Release|x86.ActiveCfg = Release|Win32
		{287040C0-126A-42CB-8FDD-E2C74268F0C6}.Release|x86.Build.0 = Release|Win32
	EndGlobalSection
	GlobalSection(SolutionProperties) = preSolution
		HideSolutionNode = FALSE
	EndGlobalSection
	GlobalSection(ExtensibilityGlobals) = postSolution
		SolutionGuid = {C2D344B7-9051-49EE-AD37-BC65973FE09E}
	EndGlobalSection
EndGlobal
